
Microsoft Visual Studio Solution File, Format Version 12.00
# Visual Studio Version 16
VisualStudioVersion = 16.0.30907.101
MinimumVisualStudioVersion = 10.0.40219.1
Project("{FAE04EC0-301F-11D3-BF4B-00C04F79EFBC}") = "CoffeeConnect.API", "CoffeeConnect.API.csproj", "{38D68E4D-4E30-40D2-A7F1-F2608E13F557}"
EndProject
Global
	GlobalSection(SolutionConfigurationPlatforms) = preSolution
		Debug|Any CPU = Debug|Any CPU
		Release|Any CPU = Release|Any CPU
	EndGlobalSection
	GlobalSection(ProjectConfigurationPlatforms) = postSolution
		{38D68E4D-4E30-40D2-A7F1-F2608E13F557}.Debug|Any CPU.ActiveCfg = Debug|Any CPU
		{38D68E4D-4E30-40D2-A7F1-F2608E13F557}.Debug|Any CPU.Build.0 = Debug|Any CPU
		{38D68E4D-4E30-40D2-A7F1-F2608E13F557}.Release|Any CPU.ActiveCfg = Release|Any CPU
		{38D68E4D-4E30-40D2-A7F1-F2608E13F557}.Release|Any CPU.Build.0 = Release|Any CPU
	EndGlobalSection
	GlobalSection(SolutionProperties) = preSolution
		HideSolutionNode = FALSE
	EndGlobalSection
	GlobalSection(ExtensibilityGlobals) = postSolution
		SolutionGuid = {88991BCF-D589-404F-BFAD-9FE9C9A0EC67}
	EndGlobalSection
EndGlobal
